
Microsoft Visual Studio Solution File, Format Version 12.00
# Visual Studio Version 17
VisualStudioVersion = 17.4.33110.190
MinimumVisualStudioVersion = 10.0.40219.1
Project("{FAE04EC0-301F-11D3-BF4B-00C04F79EFBC}") = "EstudandoRestAPI", "EstudandoRestAPI\EstudandoRestAPI.csproj", "{0D96C51F-AC27-4FAE-A947-FB40C51BF4B7}"
EndProject
Global
	GlobalSection(SolutionConfigurationPlatforms) = preSolution
		Debug|Any CPU = Debug|Any CPU
		Release|Any CPU = Release|Any CPU
	EndGlobalSection
	GlobalSection(ProjectConfigurationPlatforms) = postSolution
		{0D96C51F-AC27-4FAE-A947-FB40C51BF4B7}.Debug|Any CPU.ActiveCfg = Debug|Any CPU
		{0D96C51F-AC27-4FAE-A947-FB40C51BF4B7}.Debug|Any CPU.Build.0 = Debug|Any CPU
		{0D96C51F-AC27-4FAE-A947-FB40C51BF4B7}.Release|Any CPU.ActiveCfg = Release|Any CPU
		{0D96C51F-AC27-4FAE-A947-FB40C51BF4B7}.Release|Any CPU.Build.0 = Release|Any CPU
	EndGlobalSection
	GlobalSection(SolutionProperties) = preSolution
		HideSolutionNode = FALSE
	EndGlobalSection
	GlobalSection(ExtensibilityGlobals) = postSolution
		SolutionGuid = {1199B2FB-AAB0-4BBE-92DF-498CE7706250}
	EndGlobalSection
EndGlobal
