
Microsoft Visual Studio Solution File, Format Version 12.00
# Visual Studio Version 17
VisualStudioVersion = 17.3.32929.385
MinimumVisualStudioVersion = 10.0.40219.1
Project("{FAE04EC0-301F-11D3-BF4B-00C04F79EFBC}") = "JOGO_DA_VELHA", "JOGO_DA_VELHA\JOGO_DA_VELHA.csproj", "{BBCFB052-98AE-44A6-99FE-F54CD73508AF}"
EndProject
Global
	GlobalSection(SolutionConfigurationPlatforms) = preSolution
		Debug|Any CPU = Debug|Any CPU
		Release|Any CPU = Release|Any CPU
	EndGlobalSection
	GlobalSection(ProjectConfigurationPlatforms) = postSolution
		{BBCFB052-98AE-44A6-99FE-F54CD73508AF}.Debug|Any CPU.ActiveCfg = Debug|Any CPU
		{BBCFB052-98AE-44A6-99FE-F54CD73508AF}.Debug|Any CPU.Build.0 = Debug|Any CPU
		{BBCFB052-98AE-44A6-99FE-F54CD73508AF}.Release|Any CPU.ActiveCfg = Release|Any CPU
		{BBCFB052-98AE-44A6-99FE-F54CD73508AF}.Release|Any CPU.Build.0 = Release|Any CPU
	EndGlobalSection
	GlobalSection(SolutionProperties) = preSolution
		HideSolutionNode = FALSE
	EndGlobalSection
	GlobalSection(ExtensibilityGlobals) = postSolution
		SolutionGuid = {DFB80BC5-C8EB-4240-9154-EBCA288AF4FC}
	EndGlobalSection
EndGlobal
